
Microsoft Visual Studio Solution File, Format Version 12.00
# Visual Studio 2015
Project("{FAE04EC0-301F-11D3-BF4B-00C04F79EFBC}") = "Tanks Game", "Tanks Game.csproj", "{4440ADE6-C35C-743E-85DF-D22F76B49663}"
EndProject
Global
	GlobalSection(SolutionConfigurationPlatforms) = preSolution
		Debug|Any CPU = Debug|Any CPU
		Release|Any CPU = Release|Any CPU
	EndGlobalSection
	GlobalSection(ProjectConfigurationPlatforms) = postSolution
		{4440ADE6-C35C-743E-85DF-D22F76B49663}.Debug|Any CPU.ActiveCfg = Debug|Any CPU
		{4440ADE6-C35C-743E-85DF-D22F76B49663}.Debug|Any CPU.Build.0 = Debug|Any CPU
		{4440ADE6-C35C-743E-85DF-D22F76B49663}.Release|Any CPU.ActiveCfg = Release|Any CPU
		{4440ADE6-C35C-743E-85DF-D22F76B49663}.Release|Any CPU.Build.0 = Release|Any CPU
	EndGlobalSection
	GlobalSection(SolutionProperties) = preSolution
		HideSolutionNode = FALSE
	EndGlobalSection
EndGlobal
